
Microsoft Visual Studio Solution File, Format Version 12.00
# Visual Studio Version 17
VisualStudioVersion = 17.11.35222.181
MinimumVisualStudioVersion = 10.0.40219.1
Project("{FAE04EC0-301F-11D3-BF4B-00C04F79EFBC}") = "cds_be", "cds_be\cds_be.csproj", "{2C3BADBF-02D2-4BE0-858D-748D81869837}"
EndProject
Global
	GlobalSection(SolutionConfigurationPlatforms) = preSolution
		Debug|Any CPU = Debug|Any CPU
		Release|Any CPU = Release|Any CPU
	EndGlobalSection
	GlobalSection(ProjectConfigurationPlatforms) = postSolution
		{2C3BADBF-02D2-4BE0-858D-748D81869837}.Debug|Any CPU.ActiveCfg = Debug|Any CPU
		{2C3BADBF-02D2-4BE0-858D-748D81869837}.Debug|Any CPU.Build.0 = Debug|Any CPU
		{2C3BADBF-02D2-4BE0-858D-748D81869837}.Release|Any CPU.ActiveCfg = Release|Any CPU
		{2C3BADBF-02D2-4BE0-858D-748D81869837}.Release|Any CPU.Build.0 = Release|Any CPU
	EndGlobalSection
	GlobalSection(SolutionProperties) = preSolution
		HideSolutionNode = FALSE
	EndGlobalSection
	GlobalSection(ExtensibilityGlobals) = postSolution
		SolutionGuid = {151B20CA-77C6-46C2-9567-F9523B66E80C}
	EndGlobalSection
EndGlobal
